
Microsoft Visual Studio Solution File, Format Version 12.00
# Visual Studio Version 17
VisualStudioVersion = 17.5.33424.131
MinimumVisualStudioVersion = 10.0.40219.1
Project("{9A19103F-16F7-4668-BE54-9A1E7A4F7556}") = "SquareHackathonAvalonia", "SquareHackathonAvalonia\SquareHackathonAvalonia.csproj", "{6EE0BADE-1F9E-463A-A64F-AFB26C12FE01}"
EndProject
Project("{9A19103F-16F7-4668-BE54-9A1E7A4F7556}") = "SquareHackathonWPF", "SquareHackathonWPF\SquareHackathonWPF.csproj", "{A613C9A4-2B28-4FDA-A512-13A521794D44}"
EndProject
Project("{2150E333-8FDC-42A3-9474-1A3956D46DE8}") = "Sample Code", "Sample Code", "{745DAA49-C0F0-4AF3-81F5-50B71F064E47}"
	ProjectSection(SolutionItems) = preProject
		Speech.cs = Speech.cs
	EndProjectSection
EndProject
Project("{9A19103F-16F7-4668-BE54-9A1E7A4F7556}") = "Tester", "Tester\Tester.csproj", "{F7519902-07F9-487F-A4AB-A1AC60DC80DF}"
EndProject
Project("{54435603-DBB4-11D2-8724-00A0C9A8B90C}") = "SetupTest", "SetupTest\SetupTest.vdproj", "{F3D8FA40-0B5A-4976-9C9D-E58792079E7B}"
EndProject
Project("{9A19103F-16F7-4668-BE54-9A1E7A4F7556}") = "GetVariables", "GetVariables\GetVariables.csproj", "{8BA1850B-DBBD-4E5A-B5C4-33BE1F7C6C4D}"
EndProject
Global
	GlobalSection(SolutionConfigurationPlatforms) = preSolution
		Debug|Any CPU = Debug|Any CPU
		Release|Any CPU = Release|Any CPU
	EndGlobalSection
	GlobalSection(ProjectConfigurationPlatforms) = postSolution
		{6EE0BADE-1F9E-463A-A64F-AFB26C12FE01}.Debug|Any CPU.ActiveCfg = Debug|Any CPU
		{6EE0BADE-1F9E-463A-A64F-AFB26C12FE01}.Debug|Any CPU.Build.0 = Debug|Any CPU
		{6EE0BADE-1F9E-463A-A64F-AFB26C12FE01}.Release|Any CPU.ActiveCfg = Release|Any CPU
		{6EE0BADE-1F9E-463A-A64F-AFB26C12FE01}.Release|Any CPU.Build.0 = Release|Any CPU
		{A613C9A4-2B28-4FDA-A512-13A521794D44}.Debug|Any CPU.ActiveCfg = Debug|Any CPU
		{A613C9A4-2B28-4FDA-A512-13A521794D44}.Debug|Any CPU.Build.0 = Debug|Any CPU
		{A613C9A4-2B28-4FDA-A512-13A521794D44}.Release|Any CPU.ActiveCfg = Release|Any CPU
		{A613C9A4-2B28-4FDA-A512-13A521794D44}.Release|Any CPU.Build.0 = Release|Any CPU
		{F7519902-07F9-487F-A4AB-A1AC60DC80DF}.Debug|Any CPU.ActiveCfg = Debug|Any CPU
		{F7519902-07F9-487F-A4AB-A1AC60DC80DF}.Debug|Any CPU.Build.0 = Debug|Any CPU
		{F7519902-07F9-487F-A4AB-A1AC60DC80DF}.Release|Any CPU.ActiveCfg = Release|Any CPU
		{F7519902-07F9-487F-A4AB-A1AC60DC80DF}.Release|Any CPU.Build.0 = Release|Any CPU
		{F3D8FA40-0B5A-4976-9C9D-E58792079E7B}.Debug|Any CPU.ActiveCfg = Debug
		{F3D8FA40-0B5A-4976-9C9D-E58792079E7B}.Release|Any CPU.ActiveCfg = Release
		{8BA1850B-DBBD-4E5A-B5C4-33BE1F7C6C4D}.Debug|Any CPU.ActiveCfg = Debug|Any CPU
		{8BA1850B-DBBD-4E5A-B5C4-33BE1F7C6C4D}.Debug|Any CPU.Build.0 = Debug|Any CPU
		{8BA1850B-DBBD-4E5A-B5C4-33BE1F7C6C4D}.Release|Any CPU.ActiveCfg = Release|Any CPU
		{8BA1850B-DBBD-4E5A-B5C4-33BE1F7C6C4D}.Release|Any CPU.Build.0 = Release|Any CPU
	EndGlobalSection
	GlobalSection(SolutionProperties) = preSolution
		HideSolutionNode = FALSE
	EndGlobalSection
	GlobalSection(ExtensibilityGlobals) = postSolution
		SolutionGuid = {6CEA28AB-7034-4FCC-A919-3E517233DC6C}
	EndGlobalSection
EndGlobal
