
Microsoft Visual Studio Solution File, Format Version 12.00
# Visual Studio Version 17
VisualStudioVersion = 17.5.33424.131
MinimumVisualStudioVersion = 10.0.40219.1
Project("{9A19103F-16F7-4668-BE54-9A1E7A4F7556}") = "SquareHackathonAvalonia", "SquareHackathonAvalonia\SquareHackathonAvalonia.csproj", "{6EE0BADE-1F9E-463A-A64F-AFB26C12FE01}"
EndProject
Project("{FAE04EC0-301F-11D3-BF4B-00C04F79EFBC}") = "SquareHackathonWPF", "SquareHackathonWPF\SquareHackathonWPF.csproj", "{A613C9A4-2B28-4FDA-A512-13A521794D44}"
EndProject
Global
	GlobalSection(SolutionConfigurationPlatforms) = preSolution
		Debug|Any CPU = Debug|Any CPU
		Release|Any CPU = Release|Any CPU
	EndGlobalSection
	GlobalSection(ProjectConfigurationPlatforms) = postSolution
		{6EE0BADE-1F9E-463A-A64F-AFB26C12FE01}.Debug|Any CPU.ActiveCfg = Debug|Any CPU
		{6EE0BADE-1F9E-463A-A64F-AFB26C12FE01}.Debug|Any CPU.Build.0 = Debug|Any CPU
		{6EE0BADE-1F9E-463A-A64F-AFB26C12FE01}.Release|Any CPU.ActiveCfg = Release|Any CPU
		{6EE0BADE-1F9E-463A-A64F-AFB26C12FE01}.Release|Any CPU.Build.0 = Release|Any CPU
		{A613C9A4-2B28-4FDA-A512-13A521794D44}.Debug|Any CPU.ActiveCfg = Debug|Any CPU
		{A613C9A4-2B28-4FDA-A512-13A521794D44}.Debug|Any CPU.Build.0 = Debug|Any CPU
		{A613C9A4-2B28-4FDA-A512-13A521794D44}.Release|Any CPU.ActiveCfg = Release|Any CPU
		{A613C9A4-2B28-4FDA-A512-13A521794D44}.Release|Any CPU.Build.0 = Release|Any CPU
	EndGlobalSection
	GlobalSection(SolutionProperties) = preSolution
		HideSolutionNode = FALSE
	EndGlobalSection
	GlobalSection(ExtensibilityGlobals) = postSolution
		SolutionGuid = {6CEA28AB-7034-4FCC-A919-3E517233DC6C}
	EndGlobalSection
EndGlobal
